
Microsoft Visual Studio Solution File, Format Version 12.00
# Visual Studio Version 17
VisualStudioVersion = 17.11.35219.272
MinimumVisualStudioVersion = 10.0.40219.1
Project("{888888A0-9F3D-457C-B088-3A5042F75D52}") = "Quiz4-EN", "Quiz4-EN\Quiz4-EN.pyproj", "{1DD0B353-D5AA-4601-8BC0-4D17D06222E0}"
EndProject
Global
	GlobalSection(SolutionConfigurationPlatforms) = preSolution
		Debug|Any CPU = Debug|Any CPU
		Release|Any CPU = Release|Any CPU
	EndGlobalSection
	GlobalSection(ProjectConfigurationPlatforms) = postSolution
		{1DD0B353-D5AA-4601-8BC0-4D17D06222E0}.Debug|Any CPU.ActiveCfg = Debug|Any CPU
		{1DD0B353-D5AA-4601-8BC0-4D17D06222E0}.Release|Any CPU.ActiveCfg = Release|Any CPU
	EndGlobalSection
	GlobalSection(SolutionProperties) = preSolution
		HideSolutionNode = FALSE
	EndGlobalSection
	GlobalSection(ExtensibilityGlobals) = postSolution
		SolutionGuid = {55AF0249-4221-4413-A94D-261503BD5775}
	EndGlobalSection
EndGlobal
